// !$*UTF8*$!
{
	archiveVersion = 1;
	classes = {
	};
	objectVersion = 56;
	objects = {

/* Begin PBXBuildFile section */
		08E9B3262AD8B08F002EEE7B /* CoupleDiaryApp.swift in Sources */ = {isa = PBXBuildFile; fileRef = 08E9B3252AD8B08F002EEE7B /* CoupleDiaryApp.swift */; };
		08E9B3282AD8B08F002EEE7B /* ContentView.swift in Sources */ = {isa = PBXBuildFile; fileRef = 08E9B3272AD8B08F002EEE7B /* ContentView.swift */; };
		08E9B32A2AD8B091002EEE7B /* Assets.xcassets in Resources */ = {isa = PBXBuildFile; fileRef = 08E9B3292AD8B091002EEE7B /* Assets.xcassets */; };
		08E9B32D2AD8B091002EEE7B /* Preview Assets.xcassets in Resources */ = {isa = PBXBuildFile; fileRef = 08E9B32C2AD8B091002EEE7B /* Preview Assets.xcassets */; };
		08E9B3372AD8B092002EEE7B /* CoupleDiaryTests.swift in Sources */ = {isa = PBXBuildFile; fileRef = 08E9B3362AD8B092002EEE7B /* CoupleDiaryTests.swift */; };
		08E9B3412AD8B092002EEE7B /* CoupleDiaryUITests.swift in Sources */ = {isa = PBXBuildFile; fileRef = 08E9B3402AD8B092002EEE7B /* CoupleDiaryUITests.swift */; };
		08E9B3432AD8B092002EEE7B /* CoupleDiaryUITestsLaunchTests.swift in Sources */ = {isa = PBXBuildFile; fileRef = 08E9B3422AD8B092002EEE7B /* CoupleDiaryUITestsLaunchTests.swift */; };
/* End PBXBuildFile section */

/* Begin PBXContainerItemProxy section */
		08E9B3332AD8B092002EEE7B /* PBXContainerItemProxy */ = {
			isa = PBXContainerItemProxy;
			containerPortal = 08E9B31A2AD8B08F002EEE7B /* Project object */;
			proxyType = 1;
			remoteGlobalIDString = 08E9B3212AD8B08F002EEE7B;
			remoteInfo = CoupleDiary;
		};
		08E9B33D2AD8B092002EEE7B /* PBXContainerItemProxy */ = {
			isa = PBXContainerItemProxy;
			containerPortal = 08E9B31A2AD8B08F002EEE7B /* Project object */;
			proxyType = 1;
			remoteGlobalIDString = 08E9B3212AD8B08F002EEE7B;
			remoteInfo = CoupleDiary;
		};
/* End PBXContainerItemProxy section */

/* Begin PBXFileReference section */
		08E9B3222AD8B08F002EEE7B /* CoupleDiary.app */ = {isa = PBXFileReference; explicitFileType = wrapper.application; includeInIndex = 0; path = CoupleDiary.app; sourceTree = BUILT_PRODUCTS_DIR; };
		08E9B3252AD8B08F002EEE7B /* CoupleDiaryApp.swift */ = {isa = PBXFileReference; lastKnownFileType = sourcecode.swift; path = CoupleDiaryApp.swift; sourceTree = "<group>"; };
		08E9B3272AD8B08F002EEE7B /* ContentView.swift */ = {isa = PBXFileReference; lastKnownFileType = sourcecode.swift; path = ContentView.swift; sourceTree = "<group>"; };
		08E9B3292AD8B091002EEE7B /* Assets.xcassets */ = {isa = PBXFileReference; lastKnownFileType = folder.assetcatalog; path = Assets.xcassets; sourceTree = "<group>"; };
		08E9B32C2AD8B091002EEE7B /* Preview Assets.xcassets */ = {isa = PBXFileReference; lastKnownFileType = folder.assetcatalog; path = "Preview Assets.xcassets"; sourceTree = "<group>"; };
		08E9B3322AD8B092002EEE7B /* CoupleDiaryTests.xctest */ = {isa = PBXFileReference; explicitFileType = wrapper.cfbundle; includeInIndex = 0; path = CoupleDiaryTests.xctest; sourceTree = BUILT_PRODUCTS_DIR; };
		08E9B3362AD8B092002EEE7B /* CoupleDiaryTests.swift */ = {isa = PBXFileReference; lastKnownFileType = sourcecode.swift; path = CoupleDiaryTests.swift; sourceTree = "<group>"; };
		08E9B33C2AD8B092002EEE7B /* CoupleDiaryUITests.xctest */ = {isa = PBXFileReference; explicitFileType = wrapper.cfbundle; includeInIndex = 0; path = CoupleDiaryUITests.xctest; sourceTree = BUILT_PRODUCTS_DIR; };
		08E9B3402AD8B092002EEE7B /* CoupleDiaryUITests.swift */ = {isa = PBXFileReference; lastKnownFileType = sourcecode.swift; path = CoupleDiaryUITests.swift; sourceTree = "<group>"; };
		08E9B3422AD8B092002EEE7B /* CoupleDiaryUITestsLaunchTests.swift */ = {isa = PBXFileReference; lastKnownFileType = sourcecode.swift; path = CoupleDiaryUITestsLaunchTests.swift; sourceTree = "<group>"; };
/* End PBXFileReference section */

/* Begin PBXFrameworksBuildPhase section */
		08E9B31F2AD8B08F002EEE7B /* Frameworks */ = {
			isa = PBXFrameworksBuildPhase;
			buildActionMask = 2147483647;
			files = (
			);
			runOnlyForDeploymentPostprocessing = 0;
		};
		08E9B32F2AD8B092002EEE7B /* Frameworks */ = {
			isa = PBXFrameworksBuildPhase;
			buildActionMask = 2147483647;
			files = (
			);
			runOnlyForDeploymentPostprocessing = 0;
		};
		08E9B3392AD8B092002EEE7B /* Frameworks */ = {
			isa = PBXFrameworksBuildPhase;
			buildActionMask = 2147483647;
			files = (
			);
			runOnlyForDeploymentPostprocessing = 0;
		};
/* End PBXFrameworksBuildPhase section */

/* Begin PBXGroup section */
		08E9B3192AD8B08F002EEE7B = {
			isa = PBXGroup;
			children = (
				08E9B3242AD8B08F002EEE7B /* CoupleDiary */,
				08E9B3352AD8B092002EEE7B /* CoupleDiaryTests */,
				08E9B33F2AD8B092002EEE7B /* CoupleDiaryUITests */,
				08E9B3232AD8B08F002EEE7B /* Products */,
			);
			sourceTree = "<group>";
		};
		08E9B3232AD8B08F002EEE7B /* Products */ = {
			isa = PBXGroup;
			children = (
				08E9B3222AD8B08F002EEE7B /* CoupleDiary.app */,
				08E9B3322AD8B092002EEE7B /* CoupleDiaryTests.xctest */,
				08E9B33C2AD8B092002EEE7B /* CoupleDiaryUITests.xctest */,
			);
			name = Products;
			sourceTree = "<group>";
		};
		08E9B3242AD8B08F002EEE7B /* CoupleDiary */ = {
			isa = PBXGroup;
			children = (
				08E9B3252AD8B08F002EEE7B /* CoupleDiaryApp.swift */,
				08E9B3272AD8B08F002EEE7B /* ContentView.swift */,
				08E9B3292AD8B091002EEE7B /* Assets.xcassets */,
				08E9B32B2AD8B091002EEE7B /* Preview Content */,
			);
			path = CoupleDiary;
			sourceTree = "<group>";
		};
		08E9B32B2AD8B091002EEE7B /* Preview Content */ = {
			isa = PBXGroup;
			children = (
				08E9B32C2AD8B091002EEE7B /* Preview Assets.xcassets */,
			);
			path = "Preview Content";
			sourceTree = "<group>";
		};
		08E9B3352AD8B092002EEE7B /* CoupleDiaryTests */ = {
			isa = PBXGroup;
			children = (
				08E9B3362AD8B092002EEE7B /* CoupleDiaryTests.swift */,
			);
			path = CoupleDiaryTests;
			sourceTree = "<group>";
		};
		08E9B33F2AD8B092002EEE7B /* CoupleDiaryUITests */ = {
			isa = PBXGroup;
			children = (
				08E9B3402AD8B092002EEE7B /* CoupleDiaryUITests.swift */,
				08E9B3422AD8B092002EEE7B /* CoupleDiaryUITestsLaunchTests.swift */,
			);
			path = CoupleDiaryUITests;
			sourceTree = "<group>";
		};
/* End PBXGroup section */

/* Begin PBXNativeTarget section */
		08E9B3212AD8B08F002EEE7B /* CoupleDiary */ = {
			isa = PBXNativeTarget;
			buildConfigurationList = 08E9B3462AD8B092002EEE7B /* Build configuration list for PBXNativeTarget "CoupleDiary" */;
			buildPhases = (
				08E9B31E2AD8B08F002EEE7B /* Sources */,
				08E9B31F2AD8B08F002EEE7B /* Frameworks */,
				08E9B3202AD8B08F002EEE7B /* Resources */,
			);
			buildRules = (
			);
			dependencies = (
			);
			name = CoupleDiary;
			productName = CoupleDiary;
			productReference = 08E9B3222AD8B08F002EEE7B /* CoupleDiary.app */;
			productType = "com.apple.product-type.application";
		};
		08E9B3312AD8B092002EEE7B /* CoupleDiaryTests */ = {
			isa = PBXNativeTarget;
			buildConfigurationList = 08E9B3492AD8B092002EEE7B /* Build configuration list for PBXNativeTarget "CoupleDiaryTests" */;
			buildPhases = (
				08E9B32E2AD8B092002EEE7B /* Sources */,
				08E9B32F2AD8B092002EEE7B /* Frameworks */,
				08E9B3302AD8B092002EEE7B /* Resources */,
			);
			buildRules = (
			);
			dependencies = (
				08E9B3342AD8B092002EEE7B /* PBXTargetDependency */,
			);
			name = CoupleDiaryTests;
			productName = CoupleDiaryTests;
			productReference = 08E9B3322AD8B092002EEE7B /* CoupleDiaryTests.xctest */;
			productType = "com.apple.product-type.bundle.unit-test";
		};
		08E9B33B2AD8B092002EEE7B /* CoupleDiaryUITests */ = {
			isa = PBXNativeTarget;
			buildConfigurationList = 08E9B34C2AD8B092002EEE7B /* Build configuration list for PBXNativeTarget "CoupleDiaryUITests" */;
			buildPhases = (
				08E9B3382AD8B092002EEE7B /* Sources */,
				08E9B3392AD8B092002EEE7B /* Frameworks */,
				08E9B33A2AD8B092002EEE7B /* Resources */,
			);
			buildRules = (
			);
			dependencies = (
				08E9B33E2AD8B092002EEE7B /* PBXTargetDependency */,
			);
			name = CoupleDiaryUITests;
			productName = CoupleDiaryUITests;
			productReference = 08E9B33C2AD8B092002EEE7B /* CoupleDiaryUITests.xctest */;
			productType = "com.apple.product-type.bundle.ui-testing";
		};
/* End PBXNativeTarget section */

/* Begin PBXProject section */
		08E9B31A2AD8B08F002EEE7B /* Project object */ = {
			isa = PBXProject;
			attributes = {
				BuildIndependentTargetsInParallel = 1;
				LastSwiftUpdateCheck = 1500;
				LastUpgradeCheck = 1500;
				TargetAttributes = {
					08E9B3212AD8B08F002EEE7B = {
						CreatedOnToolsVersion = 15.0;
					};
					08E9B3312AD8B092002EEE7B = {
						CreatedOnToolsVersion = 15.0;
						TestTargetID = 08E9B3212AD8B08F002EEE7B;
					};
					08E9B33B2AD8B092002EEE7B = {
						CreatedOnToolsVersion = 15.0;
						TestTargetID = 08E9B3212AD8B08F002EEE7B;
					};
				};
			};
			buildConfigurationList = 08E9B31D2AD8B08F002EEE7B /* Build configuration list for PBXProject "CoupleDiary" */;
			compatibilityVersion = "Xcode 14.0";
			developmentRegion = en;
			hasScannedForEncodings = 0;
			knownRegions = (
				en,
				Base,
			);
			mainGroup = 08E9B3192AD8B08F002EEE7B;
			productRefGroup = 08E9B3232AD8B08F002EEE7B /* Products */;
			projectDirPath = "";
			projectRoot = "";
			targets = (
				08E9B3212AD8B08F002EEE7B /* CoupleDiary */,
				08E9B3312AD8B092002EEE7B /* CoupleDiaryTests */,
				08E9B33B2AD8B092002EEE7B /* CoupleDiaryUITests */,
			);
		};
/* End PBXProject section */

/* Begin PBXResourcesBuildPhase section */
		08E9B3202AD8B08F002EEE7B /* Resources */ = {
			isa = PBXResourcesBuildPhase;
			buildActionMask = 2147483647;
			files = (
				08E9B32D2AD8B091002EEE7B /* Preview Assets.xcassets in Resources */,
				08E9B32A2AD8B091002EEE7B /* Assets.xcassets in Resources */,
			);
			runOnlyForDeploymentPostprocessing = 0;
		};
		08E9B3302AD8B092002EEE7B /* Resources */ = {
			isa = PBXResourcesBuildPhase;
			buildActionMask = 2147483647;
			files = (
			);
			runOnlyForDeploymentPostprocessing = 0;
		};
		08E9B33A2AD8B092002EEE7B /* Resources */ = {
			isa = PBXResourcesBuildPhase;
			buildActionMask = 2147483647;
			files = (
			);
			runOnlyForDeploymentPostprocessing = 0;
		};
/* End PBXResourcesBuildPhase section */

/* Begin PBXSourcesBuildPhase section */
		08E9B31E2AD8B08F002EEE7B /* Sources */ = {
			isa = PBXSourcesBuildPhase;
			buildActionMask = 2147483647;
			files = (
				08E9B3282AD8B08F002EEE7B /* ContentView.swift in Sources */,
				08E9B3262AD8B08F002EEE7B /* CoupleDiaryApp.swift in Sources */,
			);
			runOnlyForDeploymentPostprocessing = 0;
		};
		08E9B32E2AD8B092002EEE7B /* Sources */ = {
			isa = PBXSourcesBuildPhase;
			buildActionMask = 2147483647;
			files = (
				08E9B3372AD8B092002EEE7B /* CoupleDiaryTests.swift in Sources */,
			);
			runOnlyForDeploymentPostprocessing = 0;
		};
		08E9B3382AD8B092002EEE7B /* Sources */ = {
			isa = PBXSourcesBuildPhase;
			buildActionMask = 2147483647;
			files = (
				08E9B3432AD8B092002EEE7B /* CoupleDiaryUITestsLaunchTests.swift in Sources */,
				08E9B3412AD8B092002EEE7B /* CoupleDiaryUITests.swift in Sources */,
			);
			runOnlyForDeploymentPostprocessing = 0;
		};
/* End PBXSourcesBuildPhase section */

/* Begin PBXTargetDependency section */
		08E9B3342AD8B092002EEE7B /* PBXTargetDependency */ = {
			isa = PBXTargetDependency;
			target = 08E9B3212AD8B08F002EEE7B /* CoupleDiary */;
			targetProxy = 08E9B3332AD8B092002EEE7B /* PBXContainerItemProxy */;
		};
		08E9B33E2AD8B092002EEE7B /* PBXTargetDependency */ = {
			isa = PBXTargetDependency;
			target = 08E9B3212AD8B08F002EEE7B /* CoupleDiary */;
			targetProxy = 08E9B33D2AD8B092002EEE7B /* PBXContainerItemProxy */;
		};
/* End PBXTargetDependency section */

/* Begin XCBuildConfiguration section */
		08E9B3442AD8B092002EEE7B /* Debug */ = {
			isa = XCBuildConfiguration;
			buildSettings = {
				ALWAYS_SEARCH_USER_PATHS = NO;
				ASSETCATALOG_COMPILER_GENERATE_SWIFT_ASSET_SYMBOL_EXTENSIONS = YES;
				CLANG_ANALYZER_NONNULL = YES;
				CLANG_ANALYZER_NUMBER_OBJECT_CONVERSION = YES_AGGRESSIVE;
				CLANG_CXX_LANGUAGE_STANDARD = "gnu++20";
				CLANG_ENABLE_MODULES = YES;
				CLANG_ENABLE_OBJC_ARC = YES;
				CLANG_ENABLE_OBJC_WEAK = YES;
				CLANG_WARN_BLOCK_CAPTURE_AUTORELEASING = YES;
				CLANG_WARN_BOOL_CONVERSION = YES;
				CLANG_WARN_COMMA = YES;
				CLANG_WARN_CONSTANT_CONVERSION = YES;
				CLANG_WARN_DEPRECATED_OBJC_IMPLEMENTATIONS = YES;
				CLANG_WARN_DIRECT_OBJC_ISA_USAGE = YES_ERROR;
				CLANG_WARN_DOCUMENTATION_COMMENTS = YES;
				CLANG_WARN_EMPTY_BODY = YES;
				CLANG_WARN_ENUM_CONVERSION = YES;
				CLANG_WARN_INFINITE_RECURSION = YES;
				CLANG_WARN_INT_CONVERSION = YES;
				CLANG_WARN_NON_LITERAL_NULL_CONVERSION = YES;
				CLANG_WARN_OBJC_IMPLICIT_RETAIN_SELF = YES;
				CLANG_WARN_OBJC_LITERAL_CONVERSION = YES;
				CLANG_WARN_OBJC_ROOT_CLASS = YES_ERROR;
				CLANG_WARN_QUOTED_INCLUDE_IN_FRAMEWORK_HEADER = YES;
				CLANG_WARN_RANGE_LOOP_ANALYSIS = YES;
				CLANG_WARN_STRICT_PROTOTYPES = YES;
				CLANG_WARN_SUSPICIOUS_MOVE = YES;
				CLANG_WARN_UNGUARDED_AVAILABILITY = YES_AGGRESSIVE;
				CLANG_WARN_UNREACHABLE_CODE = YES;
				CLANG_WARN__DUPLICATE_METHOD_MATCH = YES;
				COPY_PHASE_STRIP = NO;
				DEBUG_INFORMATION_FORMAT = dwarf;
				ENABLE_STRICT_OBJC_MSGSEND = YES;
				ENABLE_TESTABILITY = YES;
				ENABLE_USER_SCRIPT_SANDBOXING = YES;
				GCC_C_LANGUAGE_STANDARD = gnu17;
				GCC_DYNAMIC_NO_PIC = NO;
				GCC_NO_COMMON_BLOCKS = YES;
				GCC_OPTIMIZATION_LEVEL = 0;
				GCC_PREPROCESSOR_DEFINITIONS = (
					"DEBUG=1",
					"$(inherited)",
				);
				GCC_WARN_64_TO_32_BIT_CONVERSION = YES;
				GCC_WARN_ABOUT_RETURN_TYPE = YES_ERROR;
				GCC_WARN_UNDECLARED_SELECTOR = YES;
				GCC_WARN_UNINITIALIZED_AUTOS = YES_AGGRESSIVE;
				GCC_WARN_UNUSED_FUNCTION = YES;
				GCC_WARN_UNUSED_VARIABLE = YES;
				IPHONEOS_DEPLOYMENT_TARGET = 17.0;
				LOCALIZATION_PREFERS_STRING_CATALOGS = YES;
				MTL_ENABLE_DEBUG_INFO = INCLUDE_SOURCE;
				MTL_FAST_MATH = YES;
				ONLY_ACTIVE_ARCH = YES;
				SDKROOT = iphoneos;
				SWIFT_ACTIVE_COMPILATION_CONDITIONS = "DEBUG $(inherited)";
				SWIFT_OPTIMIZATION_LEVEL = "-Onone";
			};
			name = Debug;
		};
		08E9B3452AD8B092002EEE7B /* Release */ = {
			isa = XCBuildConfiguration;
			buildSettings = {
				ALWAYS_SEARCH_USER_PATHS = NO;
				ASSETCATALOG_COMPILER_GENERATE_SWIFT_ASSET_SYMBOL_EXTENSIONS = YES;
				CLANG_ANALYZER_NONNULL = YES;
				CLANG_ANALYZER_NUMBER_OBJECT_CONVERSION = YES_AGGRESSIVE;
				CLANG_CXX_LANGUAGE_STANDARD = "gnu++20";
				CLANG_ENABLE_MODULES = YES;
				CLANG_ENABLE_OBJC_ARC = YES;
				CLANG_ENABLE_OBJC_WEAK = YES;
				CLANG_WARN_BLOCK_CAPTURE_AUTORELEASING = YES;
				CLANG_WARN_BOOL_CONVERSION = YES;
				CLANG_WARN_COMMA = YES;
				CLANG_WARN_CONSTANT_CONVERSION = YES;
				CLANG_WARN_DEPRECATED_OBJC_IMPLEMENTATIONS = YES;
				CLANG_WARN_DIRECT_OBJC_ISA_USAGE = YES_ERROR;
				CLANG_WARN_DOCUMENTATION_COMMENTS = YES;
				CLANG_WARN_EMPTY_BODY = YES;
				CLANG_WARN_ENUM_CONVERSION = YES;
				CLANG_WARN_INFINITE_RECURSION = YES;
				CLANG_WARN_INT_CONVERSION = YES;
				CLANG_WARN_NON_LITERAL_NULL_CONVERSION = YES;
				CLANG_WARN_OBJC_IMPLICIT_RETAIN_SELF = YES;
				CLANG_WARN_OBJC_LITERAL_CONVERSION = YES;
				CLANG_WARN_OBJC_ROOT_CLASS = YES_ERROR;
				CLANG_WARN_QUOTED_INCLUDE_IN_FRAMEWORK_HEADER = YES;
				CLANG_WARN_RANGE_LOOP_ANALYSIS = YES;
				CLANG_WARN_STRICT_PROTOTYPES = YES;
				CLANG_WARN_SUSPICIOUS_MOVE = YES;
				CLANG_WARN_UNGUARDED_AVAILABILITY = YES_AGGRESSIVE;
				CLANG_WARN_UNREACHABLE_CODE = YES;
				CLANG_WARN__DUPLICATE_METHOD_MATCH = YES;
				COPY_PHASE_STRIP = NO;
				DEBUG_INFORMATION_FORMAT = "dwarf-with-dsym";
				ENABLE_NS_ASSERTIONS = NO;
				ENABLE_STRICT_OBJC_MSGSEND = YES;
				ENABLE_USER_SCRIPT_SANDBOXING = YES;
				GCC_C_LANGUAGE_STANDARD = gnu17;
				GCC_NO_COMMON_BLOCKS = YES;
				GCC_WARN_64_TO_32_BIT_CONVERSION = YES;
				GCC_WARN_ABOUT_RETURN_TYPE = YES_ERROR;
				GCC_WARN_UNDECLARED_SELECTOR = YES;
				GCC_WARN_UNINITIALIZED_AUTOS = YES_AGGRESSIVE;
				GCC_WARN_UNUSED_FUNCTION = YES;
				GCC_WARN_UNUSED_VARIABLE = YES;
				IPHONEOS_DEPLOYMENT_TARGET = 17.0;
				LOCALIZATION_PREFERS_STRING_CATALOGS = YES;
				MTL_ENABLE_DEBUG_INFO = NO;
				MTL_FAST_MATH = YES;
				SDKROOT = iphoneos;
				SWIFT_COMPILATION_MODE = wholemodule;
				VALIDATE_PRODUCT = YES;
			};
			name = Release;
		};
		08E9B3472AD8B092002EEE7B /* Debug */ = {
			isa = XCBuildConfiguration;
			buildSettings = {
				ASSETCATALOG_COMPILER_APPICON_NAME = AppIcon;
				ASSETCATALOG_COMPILER_GLOBAL_ACCENT_COLOR_NAME = AccentColor;
				CODE_SIGN_STYLE = Automatic;
				CURRENT_PROJECT_VERSION = 1;
				DEVELOPMENT_ASSET_PATHS = "\"CoupleDiary/Preview Content\"";
				ENABLE_PREVIEWS = YES;
				GENERATE_INFOPLIST_FILE = YES;
				INFOPLIST_KEY_UIApplicationSceneManifest_Generation = YES;
				INFOPLIST_KEY_UIApplicationSupportsIndirectInputEvents = YES;
				INFOPLIST_KEY_UILaunchScreen_Generation = YES;
				INFOPLIST_KEY_UISupportedInterfaceOrientations_iPad = "UIInterfaceOrientationPortrait UIInterfaceOrientationPortraitUpsideDown UIInterfaceOrientationLandscapeLeft UIInterfaceOrientationLandscapeRight";
				INFOPLIST_KEY_UISupportedInterfaceOrientations_iPhone = "UIInterfaceOrientationPortrait UIInterfaceOrientationLandscapeLeft UIInterfaceOrientationLandscapeRight";
				LD_RUNPATH_SEARCH_PATHS = (
					"$(inherited)",
					"@executable_path/Frameworks",
				);
				MARKETING_VERSION = 1.0;
				PRODUCT_BUNDLE_IDENTIFIER = UTS.edu.au.CoupleDiary;
				PRODUCT_NAME = "$(TARGET_NAME)";
				SWIFT_EMIT_LOC_STRINGS = YES;
				SWIFT_VERSION = 5.0;
				TARGETED_DEVICE_FAMILY = "1,2";
			};
			name = Debug;
		};
		08E9B3482AD8B092002EEE7B /* Release */ = {
			isa = XCBuildConfiguration;
			buildSettings = {
				ASSETCATALOG_COMPILER_APPICON_NAME = AppIcon;
				ASSETCATALOG_COMPILER_GLOBAL_ACCENT_COLOR_NAME = AccentColor;
				CODE_SIGN_STYLE = Automatic;
				CURRENT_PROJECT_VERSION = 1;
				DEVELOPMENT_ASSET_PATHS = "\"CoupleDiary/Preview Content\"";
				ENABLE_PREVIEWS = YES;
				GENERATE_INFOPLIST_FILE = YES;
				INFOPLIST_KEY_UIApplicationSceneManifest_Generation = YES;
				INFOPLIST_KEY_UIApplicationSupportsIndirectInputEvents = YES;
				INFOPLIST_KEY_UILaunchScreen_Generation = YES;
				INFOPLIST_KEY_UISupportedInterfaceOrientations_iPad = "UIInterfaceOrientationPortrait UIInterfaceOrientationPortraitUpsideDown UIInterfaceOrientationLandscapeLeft UIInterfaceOrientationLandscapeRight";
				INFOPLIST_KEY_UISupportedInterfaceOrientations_iPhone = "UIInterfaceOrientationPortrait UIInterfaceOrientationLandscapeLeft UIInterfaceOrientationLandscapeRight";
				LD_RUNPATH_SEARCH_PATHS = (
					"$(inherited)",
					"@executable_path/Frameworks",
				);
				MARKETING_VERSION = 1.0;
				PRODUCT_BUNDLE_IDENTIFIER = UTS.edu.au.CoupleDiary;
				PRODUCT_NAME = "$(TARGET_NAME)";
				SWIFT_EMIT_LOC_STRINGS = YES;
				SWIFT_VERSION = 5.0;
				TARGETED_DEVICE_FAMILY = "1,2";
			};
			name = Release;
		};
		08E9B34A2AD8B092002EEE7B /* Debug */ = {
			isa = XCBuildConfiguration;
			buildSettings = {
				ALWAYS_EMBED_SWIFT_STANDARD_LIBRARIES = YES;
				BUNDLE_LOADER = "$(TEST_HOST)";
				CODE_SIGN_STYLE = Automatic;
				CURRENT_PROJECT_VERSION = 1;
				GENERATE_INFOPLIST_FILE = YES;
				IPHONEOS_DEPLOYMENT_TARGET = 17.0;
				MARKETING_VERSION = 1.0;
				PRODUCT_BUNDLE_IDENTIFIER = UTS.edu.au.CoupleDiaryTests;
				PRODUCT_NAME = "$(TARGET_NAME)";
				SWIFT_EMIT_LOC_STRINGS = NO;
				SWIFT_VERSION = 5.0;
				TARGETED_DEVICE_FAMILY = "1,2";
				TEST_HOST = "$(BUILT_PRODUCTS_DIR)/CoupleDiary.app/$(BUNDLE_EXECUTABLE_FOLDER_PATH)/CoupleDiary";
			};
			name = Debug;
		};
		08E9B34B2AD8B092002EEE7B /* Release */ = {
			isa = XCBuildConfiguration;
			buildSettings = {
				ALWAYS_EMBED_SWIFT_STANDARD_LIBRARIES = YES;
				BUNDLE_LOADER = "$(TEST_HOST)";
				CODE_SIGN_STYLE = Automatic;
				CURRENT_PROJECT_VERSION = 1;
				GENERATE_INFOPLIST_FILE = YES;
				IPHONEOS_DEPLOYMENT_TARGET = 17.0;
				MARKETING_VERSION = 1.0;
				PRODUCT_BUNDLE_IDENTIFIER = UTS.edu.au.CoupleDiaryTests;
				PRODUCT_NAME = "$(TARGET_NAME)";
				SWIFT_EMIT_LOC_STRINGS = NO;
				SWIFT_VERSION = 5.0;
				TARGETED_DEVICE_FAMILY = "1,2";
				TEST_HOST = "$(BUILT_PRODUCTS_DIR)/CoupleDiary.app/$(BUNDLE_EXECUTABLE_FOLDER_PATH)/CoupleDiary";
			};
			name = Release;
		};
		08E9B34D2AD8B092002EEE7B /* Debug */ = {
			isa = XCBuildConfiguration;
			buildSettings = {
				ALWAYS_EMBED_SWIFT_STANDARD_LIBRARIES = YES;
				CODE_SIGN_STYLE = Automatic;
				CURRENT_PROJECT_VERSION = 1;
				GENERATE_INFOPLIST_FILE = YES;
				MARKETING_VERSION = 1.0;
				PRODUCT_BUNDLE_IDENTIFIER = UTS.edu.au.CoupleDiaryUITests;
				PRODUCT_NAME = "$(TARGET_NAME)";
				SWIFT_EMIT_LOC_STRINGS = NO;
				SWIFT_VERSION = 5.0;
				TARGETED_DEVICE_FAMILY = "1,2";
				TEST_TARGET_NAME = CoupleDiary;
			};
			name = Debug;
		};
		08E9B34E2AD8B092002EEE7B /* Release */ = {
			isa = XCBuildConfiguration;
			buildSettings = {
				ALWAYS_EMBED_SWIFT_STANDARD_LIBRARIES = YES;
				CODE_SIGN_STYLE = Automatic;
				CURRENT_PROJECT_VERSION = 1;
				GENERATE_INFOPLIST_FILE = YES;
				MARKETING_VERSION = 1.0;
				PRODUCT_BUNDLE_IDENTIFIER = UTS.edu.au.CoupleDiaryUITests;
				PRODUCT_NAME = "$(TARGET_NAME)";
				SWIFT_EMIT_LOC_STRINGS = NO;
				SWIFT_VERSION = 5.0;
				TARGETED_DEVICE_FAMILY = "1,2";
				TEST_TARGET_NAME = CoupleDiary;
			};
			name = Release;
		};
/* End XCBuildConfiguration section */

/* Begin XCConfigurationList section */
		08E9B31D2AD8B08F002EEE7B /* Build configuration list for PBXProject "CoupleDiary" */ = {
			isa = XCConfigurationList;
			buildConfigurations = (
				08E9B3442AD8B092002EEE7B /* Debug */,
				08E9B3452AD8B092002EEE7B /* Release */,
			);
			defaultConfigurationIsVisible = 0;
			defaultConfigurationName = Release;
		};
		08E9B3462AD8B092002EEE7B /* Build configuration list for PBXNativeTarget "CoupleDiary" */ = {
			isa = XCConfigurationList;
			buildConfigurations = (
				08E9B3472AD8B092002EEE7B /* Debug */,
				08E9B3482AD8B092002EEE7B /* Release */,
			);
			defaultConfigurationIsVisible = 0;
			defaultConfigurationName = Release;
		};
		08E9B3492AD8B092002EEE7B /* Build configuration list for PBXNativeTarget "CoupleDiaryTests" */ = {
			isa = XCConfigurationList;
			buildConfigurations = (
				08E9B34A2AD8B092002EEE7B /* Debug */,
				08E9B34B2AD8B092002EEE7B /* Release */,
			);
			defaultConfigurationIsVisible = 0;
			defaultConfigurationName = Release;
		};
		08E9B34C2AD8B092002EEE7B /* Build configuration list for PBXNativeTarget "CoupleDiaryUITests" */ = {
			isa = XCConfigurationList;
			buildConfigurations = (
				08E9B34D2AD8B092002EEE7B /* Debug */,
				08E9B34E2AD8B092002EEE7B /* Release */,
			);
			defaultConfigurationIsVisible = 0;
			defaultConfigurationName = Release;
		};
/* End XCConfigurationList section */
	};
	rootObject = 08E9B31A2AD8B08F002EEE7B /* Project object */;
}
